
Microsoft Visual Studio Solution File, Format Version 12.00
# Visual Studio Version 16
VisualStudioVersion = 16.0.31829.152
MinimumVisualStudioVersion = 10.0.40219.1
Project("{FAE04EC0-301F-11D3-BF4B-00C04F79EFBC}") = "mvc-proj", "mvc-proj.csproj", "{93A3AD89-F364-423F-82C5-B6F440C12082}"
EndProject
Global
	GlobalSection(SolutionConfigurationPlatforms) = preSolution
		Debug|Any CPU = Debug|Any CPU
		Release|Any CPU = Release|Any CPU
	EndGlobalSection
	GlobalSection(ProjectConfigurationPlatforms) = postSolution
		{93A3AD89-F364-423F-82C5-B6F440C12082}.Debug|Any CPU.ActiveCfg = Debug|Any CPU
		{93A3AD89-F364-423F-82C5-B6F440C12082}.Debug|Any CPU.Build.0 = Debug|Any CPU
		{93A3AD89-F364-423F-82C5-B6F440C12082}.Release|Any CPU.ActiveCfg = Release|Any CPU
		{93A3AD89-F364-423F-82C5-B6F440C12082}.Release|Any CPU.Build.0 = Release|Any CPU
	EndGlobalSection
	GlobalSection(SolutionProperties) = preSolution
		HideSolutionNode = FALSE
	EndGlobalSection
	GlobalSection(ExtensibilityGlobals) = postSolution
		SolutionGuid = {3935EDD1-1BEC-4487-9E92-E68C5EA21B2A}
	EndGlobalSection
EndGlobal
